
Microsoft Visual Studio Solution File, Format Version 12.00
# Visual Studio 15
Project("{FAE04EC0-301F-11D3-BF4B-00C04F79EFBC}") = "UnityEngine.TestRunner", "UnityEngine.TestRunner.csproj", "{559D49B9-3DA2-F9E0-903A-228F5570A9E8}"
EndProject
Project("{FAE04EC0-301F-11D3-BF4B-00C04F79EFBC}") = "Unity.Mathematics", "Unity.Mathematics.csproj", "{1AA3C582-9671-4D0F-4996-3E1BB1B9E0CB}"
EndProject
Project("{FAE04EC0-301F-11D3-BF4B-00C04F79EFBC}") = "Unity.2D.Animation.Triangle.Runtime", "Unity.2D.Animation.Triangle.Runtime.csproj", "{258E5B78-5AB4-AF7F-0DCA-0A01904822A4}"
EndProject
Project("{FAE04EC0-301F-11D3-BF4B-00C04F79EFBC}") = "Unity.Timeline", "Unity.Timeline.csproj", "{A0BDE916-E29E-2FA5-C092-238078B42078}"
EndProject
Project("{FAE04EC0-301F-11D3-BF4B-00C04F79EFBC}") = "UnityEngine.UI", "UnityEngine.UI.csproj", "{DCBE6ABB-883C-ECE6-8880-8BBEDC2D5B7C}"
EndProject
Project("{FAE04EC0-301F-11D3-BF4B-00C04F79EFBC}") = "Assembly-CSharp", "Assembly-CSharp.csproj", "{4EAF8BAB-A719-809F-98F7-74D3E1BE394D}"
EndProject
Project("{FAE04EC0-301F-11D3-BF4B-00C04F79EFBC}") = "Unity.TextMeshPro", "Unity.TextMeshPro.csproj", "{3F7E85DD-C1E6-674C-67B4-281E5B283FD0}"
EndProject
Project("{FAE04EC0-301F-11D3-BF4B-00C04F79EFBC}") = "Unity.2D.Animation.Runtime", "Unity.2D.Animation.Runtime.csproj", "{DBF73DF5-30CE-EC23-4F37-019A37322FBF}"
EndProject
Project("{FAE04EC0-301F-11D3-BF4B-00C04F79EFBC}") = "Unity.2D.IK.Runtime", "Unity.2D.IK.Runtime.csproj", "{5F30A53A-4A09-4423-ABDC-6673726C1E62}"
EndProject
Project("{FAE04EC0-301F-11D3-BF4B-00C04F79EFBC}") = "Unity.2D.SpriteShape.Runtime", "Unity.2D.SpriteShape.Runtime.csproj", "{2AD3CE13-3A0C-6D0B-493E-B32CD7FB76E0}"
EndProject
Project("{FAE04EC0-301F-11D3-BF4B-00C04F79EFBC}") = "Unity.2D.PixelPerfect", "Unity.2D.PixelPerfect.csproj", "{41464E38-2376-93C4-8BF9-00C5D64614EF}"
EndProject
Project("{FAE04EC0-301F-11D3-BF4B-00C04F79EFBC}") = "Unity.2D.Common.Runtime", "Unity.2D.Common.Runtime.csproj", "{5D2C9978-648D-42ED-5659-82DB5A8BC11E}"
EndProject
Project("{FAE04EC0-301F-11D3-BF4B-00C04F79EFBC}") = "Unity.InternalAPIEngineBridge.001", "Unity.InternalAPIEngineBridge.001.csproj", "{9D0A9F9D-B1D2-F1B9-2AE2-ACD101043D46}"
EndProject
Project("{FAE04EC0-301F-11D3-BF4B-00C04F79EFBC}") = "UnityEditor.TestRunner", "UnityEditor.TestRunner.csproj", "{F28D3ADD-842F-EF95-D198-ECD318E3966A}"
EndProject
Project("{FAE04EC0-301F-11D3-BF4B-00C04F79EFBC}") = "Unity.PlasticSCM.Editor", "Unity.PlasticSCM.Editor.csproj", "{BEFC36AF-B6DB-E7A2-A045-B82A24864C50}"
EndProject
Project("{FAE04EC0-301F-11D3-BF4B-00C04F79EFBC}") = "UnityEditor.UI", "UnityEditor.UI.csproj", "{EF164EF6-305C-A69C-3251-94B1C12DCED3}"
EndProject
Project("{FAE04EC0-301F-11D3-BF4B-00C04F79EFBC}") = "Unity.Timeline.Editor", "Unity.Timeline.Editor.csproj", "{4705ABF5-9A94-3E9C-F6F7-137FC3CC22B9}"
EndProject
Project("{FAE04EC0-301F-11D3-BF4B-00C04F79EFBC}") = "Unity.VisualStudio.Editor", "Unity.VisualStudio.Editor.csproj", "{4BF68BBE-7815-7328-2158-1D779B426035}"
EndProject
Project("{FAE04EC0-301F-11D3-BF4B-00C04F79EFBC}") = "Unity.2D.Psdimporter.Editor", "Unity.2D.Psdimporter.Editor.csproj", "{E4A17CBE-930E-E835-8525-2329CB95FDF2}"
EndProject
Project("{FAE04EC0-301F-11D3-BF4B-00C04F79EFBC}") = "Unity.2D.Animation.Editor", "Unity.2D.Animation.Editor.csproj", "{F7F19BA0-ED0C-EDD8-E9E6-A7EF6AF38E76}"
EndProject
Project("{FAE04EC0-301F-11D3-BF4B-00C04F79EFBC}") = "Unity.TextMeshPro.Editor", "Unity.TextMeshPro.Editor.csproj", "{F1FF738F-2AD0-6114-DAF1-C8B967C61DCF}"
EndProject
Project("{FAE04EC0-301F-11D3-BF4B-00C04F79EFBC}") = "Unity.2D.SpriteShape.Editor", "Unity.2D.SpriteShape.Editor.csproj", "{ABCFE96A-C4AB-B179-C443-9EE5AB33B6E0}"
EndProject
Project("{FAE04EC0-301F-11D3-BF4B-00C04F79EFBC}") = "Unity.CollabProxy.Editor", "Unity.CollabProxy.Editor.csproj", "{FC7EA143-26DF-13EA-C7BC-84CE26B6FB02}"
EndProject
Project("{FAE04EC0-301F-11D3-BF4B-00C04F79EFBC}") = "PsdPlugin", "PsdPlugin.csproj", "{7FAED3E2-4075-A875-DF86-51455642D23F}"
EndProject
Project("{FAE04EC0-301F-11D3-BF4B-00C04F79EFBC}") = "Unity.2D.Path.Editor", "Unity.2D.Path.Editor.csproj", "{F8657139-CF52-9F18-A46E-73BD37657C2D}"
EndProject
Project("{FAE04EC0-301F-11D3-BF4B-00C04F79EFBC}") = "Unity.Rider.Editor", "Unity.Rider.Editor.csproj", "{B1E917FC-1408-EF35-DFF9-63E23FED2120}"
EndProject
Project("{FAE04EC0-301F-11D3-BF4B-00C04F79EFBC}") = "Unity.2D.IK.Editor", "Unity.2D.IK.Editor.csproj", "{BE174655-284F-38B2-7941-69B7CB2AC990}"
EndProject
Project("{FAE04EC0-301F-11D3-BF4B-00C04F79EFBC}") = "Unity.2D.Sprite.Editor", "Unity.2D.Sprite.Editor.csproj", "{3243D06E-B55B-DC12-3A69-C91A89E32965}"
EndProject
Project("{FAE04EC0-301F-11D3-BF4B-00C04F79EFBC}") = "Unity.2D.Tilemap.Editor", "Unity.2D.Tilemap.Editor.csproj", "{83100142-E8ED-B2FD-BEFD-9AC5D9DB9510}"
EndProject
Project("{FAE04EC0-301F-11D3-BF4B-00C04F79EFBC}") = "Unity.2D.PixelPerfect.Editor", "Unity.2D.PixelPerfect.Editor.csproj", "{628E0F43-4AC9-9B5F-A7AA-EFD30A180ADA}"
EndProject
Project("{FAE04EC0-301F-11D3-BF4B-00C04F79EFBC}") = "Unity.VSCode.Editor", "Unity.VSCode.Editor.csproj", "{9BB1B3DD-EFEA-E3F6-0D41-4E8CA6797BBF}"
EndProject
Project("{FAE04EC0-301F-11D3-BF4B-00C04F79EFBC}") = "Unity.2D.Common.Editor", "Unity.2D.Common.Editor.csproj", "{39BE36FA-C175-CE3C-23F8-91BA75CB1460}"
EndProject
Project("{FAE04EC0-301F-11D3-BF4B-00C04F79EFBC}") = "Unity.Mathematics.Editor", "Unity.Mathematics.Editor.csproj", "{C72EF6DA-E1A7-3453-D2CE-04481B0EB3F5}"
EndProject
Project("{FAE04EC0-301F-11D3-BF4B-00C04F79EFBC}") = "Unity.InternalAPIEditorBridge.001", "Unity.InternalAPIEditorBridge.001.csproj", "{3770377C-2FFA-E816-F8D9-0E427C93BE09}"
EndProject
Project("{FAE04EC0-301F-11D3-BF4B-00C04F79EFBC}") = "UnityEngine.TestRunner", "UnityEngine.TestRunner.Player.csproj", "{FB8609E9-638C-D5C8-031F-61612464ADE0}"
EndProject
Project("{FAE04EC0-301F-11D3-BF4B-00C04F79EFBC}") = "Unity.Mathematics", "Unity.Mathematics.Player.csproj", "{93EF6BA2-D8FB-B5A3-393D-F9CE9D9DB47A}"
EndProject
Project("{FAE04EC0-301F-11D3-BF4B-00C04F79EFBC}") = "Unity.2D.Animation.Triangle.Runtime", "Unity.2D.Animation.Triangle.Runtime.Player.csproj", "{6D9681BA-813F-C2E4-8683-A29557572010}"
EndProject
Project("{FAE04EC0-301F-11D3-BF4B-00C04F79EFBC}") = "Unity.Timeline", "Unity.Timeline.Player.csproj", "{6CD7B5B4-AECD-DD25-FCFB-361A523946EC}"
EndProject
Project("{FAE04EC0-301F-11D3-BF4B-00C04F79EFBC}") = "UnityEngine.UI", "UnityEngine.UI.Player.csproj", "{823F4A3A-148D-2708-6F68-E9100198E1DE}"
EndProject
Project("{FAE04EC0-301F-11D3-BF4B-00C04F79EFBC}") = "Assembly-CSharp", "Assembly-CSharp.Player.csproj", "{31D1123F-2669-13E7-1B03-84AE3EAA754A}"
EndProject
Project("{FAE04EC0-301F-11D3-BF4B-00C04F79EFBC}") = "Unity.TextMeshPro", "Unity.TextMeshPro.Player.csproj", "{CA24E2F6-574F-801F-54A3-C1683A42A78D}"
EndProject
Project("{FAE04EC0-301F-11D3-BF4B-00C04F79EFBC}") = "Unity.2D.Animation.Runtime", "Unity.2D.Animation.Runtime.Player.csproj", "{82D99F92-4ACC-9A94-486D-BD9B051D4228}"
EndProject
Project("{FAE04EC0-301F-11D3-BF4B-00C04F79EFBC}") = "Unity.2D.IK.Runtime", "Unity.2D.IK.Runtime.Player.csproj", "{209CA026-9303-BB3D-5CB1-27A57ABCD54D}"
EndProject
Project("{FAE04EC0-301F-11D3-BF4B-00C04F79EFBC}") = "Unity.2D.SpriteShape.Runtime", "Unity.2D.SpriteShape.Runtime.Player.csproj", "{BAC56BF2-E395-7A1B-4C8D-A8C8AEF2A0D5}"
EndProject
Project("{FAE04EC0-301F-11D3-BF4B-00C04F79EFBC}") = "Unity.2D.PixelPerfect", "Unity.2D.PixelPerfect.Player.csproj", "{6D943EA2-1DD0-EB4A-704F-D56A03D20882}"
EndProject
Project("{FAE04EC0-301F-11D3-BF4B-00C04F79EFBC}") = "Unity.2D.Common.Runtime", "Unity.2D.Common.Runtime.Player.csproj", "{ED3655A3-0924-DF20-843E-75560C8887F7}"
EndProject
Project("{FAE04EC0-301F-11D3-BF4B-00C04F79EFBC}") = "Unity.InternalAPIEngineBridge.001", "Unity.InternalAPIEngineBridge.001.Player.csproj", "{8DE4538B-F8FA-3B61-EA4E-DEBC02EEEA9A}"
EndProject
Global
	GlobalSection(SolutionConfigurationPlatforms) = preSolution
		Debug|Any CPU = Debug|Any CPU
		Release|Any CPU = Release|Any CPU
	EndGlobalSection
	GlobalSection(ProjectConfigurationPlatforms) = postSolution
		{559D49B9-3DA2-F9E0-903A-228F5570A9E8}.Debug|Any CPU.ActiveCfg = Debug|Any CPU
		{559D49B9-3DA2-F9E0-903A-228F5570A9E8}.Debug|Any CPU.Build.0 = Debug|Any CPU
		{559D49B9-3DA2-F9E0-903A-228F5570A9E8}.Release|Any CPU.ActiveCfg = Release|Any CPU
		{559D49B9-3DA2-F9E0-903A-228F5570A9E8}.Release|Any CPU.Build.0 = Release|Any CPU
		{1AA3C582-9671-4D0F-4996-3E1BB1B9E0CB}.Debug|Any CPU.ActiveCfg = Debug|Any CPU
		{1AA3C582-9671-4D0F-4996-3E1BB1B9E0CB}.Debug|Any CPU.Build.0 = Debug|Any CPU
		{1AA3C582-9671-4D0F-4996-3E1BB1B9E0CB}.Release|Any CPU.ActiveCfg = Release|Any CPU
		{1AA3C582-9671-4D0F-4996-3E1BB1B9E0CB}.Release|Any CPU.Build.0 = Release|Any CPU
		{258E5B78-5AB4-AF7F-0DCA-0A01904822A4}.Debug|Any CPU.ActiveCfg = Debug|Any CPU
		{258E5B78-5AB4-AF7F-0DCA-0A01904822A4}.Debug|Any CPU.Build.0 = Debug|Any CPU
		{258E5B78-5AB4-AF7F-0DCA-0A01904822A4}.Release|Any CPU.ActiveCfg = Release|Any CPU
		{258E5B78-5AB4-AF7F-0DCA-0A01904822A4}.Release|Any CPU.Build.0 = Release|Any CPU
		{A0BDE916-E29E-2FA5-C092-238078B42078}.Debug|Any CPU.ActiveCfg = Debug|Any CPU
		{A0BDE916-E29E-2FA5-C092-238078B42078}.Debug|Any CPU.Build.0 = Debug|Any CPU
		{A0BDE916-E29E-2FA5-C092-238078B42078}.Release|Any CPU.ActiveCfg = Release|Any CPU
		{A0BDE916-E29E-2FA5-C092-238078B42078}.Release|Any CPU.Build.0 = Release|Any CPU
		{DCBE6ABB-883C-ECE6-8880-8BBEDC2D5B7C}.Debug|Any CPU.ActiveCfg = Debug|Any CPU
		{DCBE6ABB-883C-ECE6-8880-8BBEDC2D5B7C}.Debug|Any CPU.Build.0 = Debug|Any CPU
		{DCBE6ABB-883C-ECE6-8880-8BBEDC2D5B7C}.Release|Any CPU.ActiveCfg = Release|Any CPU
		{DCBE6ABB-883C-ECE6-8880-8BBEDC2D5B7C}.Release|Any CPU.Build.0 = Release|Any CPU
		{4EAF8BAB-A719-809F-98F7-74D3E1BE394D}.Debug|Any CPU.ActiveCfg = Debug|Any CPU
		{4EAF8BAB-A719-809F-98F7-74D3E1BE394D}.Debug|Any CPU.Build.0 = Debug|Any CPU
		{4EAF8BAB-A719-809F-98F7-74D3E1BE394D}.Release|Any CPU.ActiveCfg = Release|Any CPU
		{4EAF8BAB-A719-809F-98F7-74D3E1BE394D}.Release|Any CPU.Build.0 = Release|Any CPU
		{3F7E85DD-C1E6-674C-67B4-281E5B283FD0}.Debug|Any CPU.ActiveCfg = Debug|Any CPU
		{3F7E85DD-C1E6-674C-67B4-281E5B283FD0}.Debug|Any CPU.Build.0 = Debug|Any CPU
		{3F7E85DD-C1E6-674C-67B4-281E5B283FD0}.Release|Any CPU.ActiveCfg = Release|Any CPU
		{3F7E85DD-C1E6-674C-67B4-281E5B283FD0}.Release|Any CPU.Build.0 = Release|Any CPU
		{DBF73DF5-30CE-EC23-4F37-019A37322FBF}.Debug|Any CPU.ActiveCfg = Debug|Any CPU
		{DBF73DF5-30CE-EC23-4F37-019A37322FBF}.Debug|Any CPU.Build.0 = Debug|Any CPU
		{DBF73DF5-30CE-EC23-4F37-019A37322FBF}.Release|Any CPU.ActiveCfg = Release|Any CPU
		{DBF73DF5-30CE-EC23-4F37-019A37322FBF}.Release|Any CPU.Build.0 = Release|Any CPU
		{5F30A53A-4A09-4423-ABDC-6673726C1E62}.Debug|Any CPU.ActiveCfg = Debug|Any CPU
		{5F30A53A-4A09-4423-ABDC-6673726C1E62}.Debug|Any CPU.Build.0 = Debug|Any CPU
		{5F30A53A-4A09-4423-ABDC-6673726C1E62}.Release|Any CPU.ActiveCfg = Release|Any CPU
		{5F30A53A-4A09-4423-ABDC-6673726C1E62}.Release|Any CPU.Build.0 = Release|Any CPU
		{2AD3CE13-3A0C-6D0B-493E-B32CD7FB76E0}.Debug|Any CPU.ActiveCfg = Debug|Any CPU
		{2AD3CE13-3A0C-6D0B-493E-B32CD7FB76E0}.Debug|Any CPU.Build.0 = Debug|Any CPU
		{2AD3CE13-3A0C-6D0B-493E-B32CD7FB76E0}.Release|Any CPU.ActiveCfg = Release|Any CPU
		{2AD3CE13-3A0C-6D0B-493E-B32CD7FB76E0}.Release|Any CPU.Build.0 = Release|Any CPU
		{41464E38-2376-93C4-8BF9-00C5D64614EF}.Debug|Any CPU.ActiveCfg = Debug|Any CPU
		{41464E38-2376-93C4-8BF9-00C5D64614EF}.Debug|Any CPU.Build.0 = Debug|Any CPU
		{41464E38-2376-93C4-8BF9-00C5D64614EF}.Release|Any CPU.ActiveCfg = Release|Any CPU
		{41464E38-2376-93C4-8BF9-00C5D64614EF}.Release|Any CPU.Build.0 = Release|Any CPU
		{5D2C9978-648D-42ED-5659-82DB5A8BC11E}.Debug|Any CPU.ActiveCfg = Debug|Any CPU
		{5D2C9978-648D-42ED-5659-82DB5A8BC11E}.Debug|Any CPU.Build.0 = Debug|Any CPU
		{5D2C9978-648D-42ED-5659-82DB5A8BC11E}.Release|Any CPU.ActiveCfg = Release|Any CPU
		{5D2C9978-648D-42ED-5659-82DB5A8BC11E}.Release|Any CPU.Build.0 = Release|Any CPU
		{9D0A9F9D-B1D2-F1B9-2AE2-ACD101043D46}.Debug|Any CPU.ActiveCfg = Debug|Any CPU
		{9D0A9F9D-B1D2-F1B9-2AE2-ACD101043D46}.Debug|Any CPU.Build.0 = Debug|Any CPU
		{9D0A9F9D-B1D2-F1B9-2AE2-ACD101043D46}.Release|Any CPU.ActiveCfg = Release|Any CPU
		{9D0A9F9D-B1D2-F1B9-2AE2-ACD101043D46}.Release|Any CPU.Build.0 = Release|Any CPU
		{F28D3ADD-842F-EF95-D198-ECD318E3966A}.Debug|Any CPU.ActiveCfg = Debug|Any CPU
		{F28D3ADD-842F-EF95-D198-ECD318E3966A}.Debug|Any CPU.Build.0 = Debug|Any CPU
		{F28D3ADD-842F-EF95-D198-ECD318E3966A}.Release|Any CPU.ActiveCfg = Release|Any CPU
		{F28D3ADD-842F-EF95-D198-ECD318E3966A}.Release|Any CPU.Build.0 = Release|Any CPU
		{BEFC36AF-B6DB-E7A2-A045-B82A24864C50}.Debug|Any CPU.ActiveCfg = Debug|Any CPU
		{BEFC36AF-B6DB-E7A2-A045-B82A24864C50}.Debug|Any CPU.Build.0 = Debug|Any CPU
		{BEFC36AF-B6DB-E7A2-A045-B82A24864C50}.Release|Any CPU.ActiveCfg = Release|Any CPU
		{BEFC36AF-B6DB-E7A2-A045-B82A24864C50}.Release|Any CPU.Build.0 = Release|Any CPU
		{EF164EF6-305C-A69C-3251-94B1C12DCED3}.Debug|Any CPU.ActiveCfg = Debug|Any CPU
		{EF164EF6-305C-A69C-3251-94B1C12DCED3}.Debug|Any CPU.Build.0 = Debug|Any CPU
		{EF164EF6-305C-A69C-3251-94B1C12DCED3}.Release|Any CPU.ActiveCfg = Release|Any CPU
		{EF164EF6-305C-A69C-3251-94B1C12DCED3}.Release|Any CPU.Build.0 = Release|Any CPU
		{4705ABF5-9A94-3E9C-F6F7-137FC3CC22B9}.Debug|Any CPU.ActiveCfg = Debug|Any CPU
		{4705ABF5-9A94-3E9C-F6F7-137FC3CC22B9}.Debug|Any CPU.Build.0 = Debug|Any CPU
		{4705ABF5-9A94-3E9C-F6F7-137FC3CC22B9}.Release|Any CPU.ActiveCfg = Release|Any CPU
		{4705ABF5-9A94-3E9C-F6F7-137FC3CC22B9}.Release|Any CPU.Build.0 = Release|Any CPU
		{4BF68BBE-7815-7328-2158-1D779B426035}.Debug|Any CPU.ActiveCfg = Debug|Any CPU
		{4BF68BBE-7815-7328-2158-1D779B426035}.Debug|Any CPU.Build.0 = Debug|Any CPU
		{4BF68BBE-7815-7328-2158-1D779B426035}.Release|Any CPU.ActiveCfg = Release|Any CPU
		{4BF68BBE-7815-7328-2158-1D779B426035}.Release|Any CPU.Build.0 = Release|Any CPU
		{E4A17CBE-930E-E835-8525-2329CB95FDF2}.Debug|Any CPU.ActiveCfg = Debug|Any CPU
		{E4A17CBE-930E-E835-8525-2329CB95FDF2}.Debug|Any CPU.Build.0 = Debug|Any CPU
		{E4A17CBE-930E-E835-8525-2329CB95FDF2}.Release|Any CPU.ActiveCfg = Release|Any CPU
		{E4A17CBE-930E-E835-8525-2329CB95FDF2}.Release|Any CPU.Build.0 = Release|Any CPU
		{F7F19BA0-ED0C-EDD8-E9E6-A7EF6AF38E76}.Debug|Any CPU.ActiveCfg = Debug|Any CPU
		{F7F19BA0-ED0C-EDD8-E9E6-A7EF6AF38E76}.Debug|Any CPU.Build.0 = Debug|Any CPU
		{F7F19BA0-ED0C-EDD8-E9E6-A7EF6AF38E76}.Release|Any CPU.ActiveCfg = Release|Any CPU
		{F7F19BA0-ED0C-EDD8-E9E6-A7EF6AF38E76}.Release|Any CPU.Build.0 = Release|Any CPU
		{F1FF738F-2AD0-6114-DAF1-C8B967C61DCF}.Debug|Any CPU.ActiveCfg = Debug|Any CPU
		{F1FF738F-2AD0-6114-DAF1-C8B967C61DCF}.Debug|Any CPU.Build.0 = Debug|Any CPU
		{F1FF738F-2AD0-6114-DAF1-C8B967C61DCF}.Release|Any CPU.ActiveCfg = Release|Any CPU
		{F1FF738F-2AD0-6114-DAF1-C8B967C61DCF}.Release|Any CPU.Build.0 = Release|Any CPU
		{ABCFE96A-C4AB-B179-C443-9EE5AB33B6E0}.Debug|Any CPU.ActiveCfg = Debug|Any CPU
		{ABCFE96A-C4AB-B179-C443-9EE5AB33B6E0}.Debug|Any CPU.Build.0 = Debug|Any CPU
		{ABCFE96A-C4AB-B179-C443-9EE5AB33B6E0}.Release|Any CPU.ActiveCfg = Release|Any CPU
		{ABCFE96A-C4AB-B179-C443-9EE5AB33B6E0}.Release|Any CPU.Build.0 = Release|Any CPU
		{FC7EA143-26DF-13EA-C7BC-84CE26B6FB02}.Debug|Any CPU.ActiveCfg = Debug|Any CPU
		{FC7EA143-26DF-13EA-C7BC-84CE26B6FB02}.Debug|Any CPU.Build.0 = Debug|Any CPU
		{FC7EA143-26DF-13EA-C7BC-84CE26B6FB02}.Release|Any CPU.ActiveCfg = Release|Any CPU
		{FC7EA143-26DF-13EA-C7BC-84CE26B6FB02}.Release|Any CPU.Build.0 = Release|Any CPU
		{7FAED3E2-4075-A875-DF86-51455642D23F}.Debug|Any CPU.ActiveCfg = Debug|Any CPU
		{7FAED3E2-4075-A875-DF86-51455642D23F}.Debug|Any CPU.Build.0 = Debug|Any CPU
		{7FAED3E2-4075-A875-DF86-51455642D23F}.Release|Any CPU.ActiveCfg = Release|Any CPU
		{7FAED3E2-4075-A875-DF86-51455642D23F}.Release|Any CPU.Build.0 = Release|Any CPU
		{F8657139-CF52-9F18-A46E-73BD37657C2D}.Debug|Any CPU.ActiveCfg = Debug|Any CPU
		{F8657139-CF52-9F18-A46E-73BD37657C2D}.Debug|Any CPU.Build.0 = Debug|Any CPU
		{F8657139-CF52-9F18-A46E-73BD37657C2D}.Release|Any CPU.ActiveCfg = Release|Any CPU
		{F8657139-CF52-9F18-A46E-73BD37657C2D}.Release|Any CPU.Build.0 = Release|Any CPU
		{B1E917FC-1408-EF35-DFF9-63E23FED2120}.Debug|Any CPU.ActiveCfg = Debug|Any CPU
		{B1E917FC-1408-EF35-DFF9-63E23FED2120}.Debug|Any CPU.Build.0 = Debug|Any CPU
		{B1E917FC-1408-EF35-DFF9-63E23FED2120}.Release|Any CPU.ActiveCfg = Release|Any CPU
		{B1E917FC-1408-EF35-DFF9-63E23FED2120}.Release|Any CPU.Build.0 = Release|Any CPU
		{BE174655-284F-38B2-7941-69B7CB2AC990}.Debug|Any CPU.ActiveCfg = Debug|Any CPU
		{BE174655-284F-38B2-7941-69B7CB2AC990}.Debug|Any CPU.Build.0 = Debug|Any CPU
		{BE174655-284F-38B2-7941-69B7CB2AC990}.Release|Any CPU.ActiveCfg = Release|Any CPU
		{BE174655-284F-38B2-7941-69B7CB2AC990}.Release|Any CPU.Build.0 = Release|Any CPU
		{3243D06E-B55B-DC12-3A69-C91A89E32965}.Debug|Any CPU.ActiveCfg = Debug|Any CPU
		{3243D06E-B55B-DC12-3A69-C91A89E32965}.Debug|Any CPU.Build.0 = Debug|Any CPU
		{3243D06E-B55B-DC12-3A69-C91A89E32965}.Release|Any CPU.ActiveCfg = Release|Any CPU
		{3243D06E-B55B-DC12-3A69-C91A89E32965}.Release|Any CPU.Build.0 = Release|Any CPU
		{83100142-E8ED-B2FD-BEFD-9AC5D9DB9510}.Debug|Any CPU.ActiveCfg = Debug|Any CPU
		{83100142-E8ED-B2FD-BEFD-9AC5D9DB9510}.Debug|Any CPU.Build.0 = Debug|Any CPU
		{83100142-E8ED-B2FD-BEFD-9AC5D9DB9510}.Release|Any CPU.ActiveCfg = Release|Any CPU
		{83100142-E8ED-B2FD-BEFD-9AC5D9DB9510}.Release|Any CPU.Build.0 = Release|Any CPU
		{628E0F43-4AC9-9B5F-A7AA-EFD30A180ADA}.Debug|Any CPU.ActiveCfg = Debug|Any CPU
		{628E0F43-4AC9-9B5F-A7AA-EFD30A180ADA}.Debug|Any CPU.Build.0 = Debug|Any CPU
		{628E0F43-4AC9-9B5F-A7AA-EFD30A180ADA}.Release|Any CPU.ActiveCfg = Release|Any CPU
		{628E0F43-4AC9-9B5F-A7AA-EFD30A180ADA}.Release|Any CPU.Build.0 = Release|Any CPU
		{9BB1B3DD-EFEA-E3F6-0D41-4E8CA6797BBF}.Debug|Any CPU.ActiveCfg = Debug|Any CPU
		{9BB1B3DD-EFEA-E3F6-0D41-4E8CA6797BBF}.Debug|Any CPU.Build.0 = Debug|Any CPU
		{9BB1B3DD-EFEA-E3F6-0D41-4E8CA6797BBF}.Release|Any CPU.ActiveCfg = Release|Any CPU
		{9BB1B3DD-EFEA-E3F6-0D41-4E8CA6797BBF}.Release|Any CPU.Build.0 = Release|Any CPU
		{39BE36FA-C175-CE3C-23F8-91BA75CB1460}.Debug|Any CPU.ActiveCfg = Debug|Any CPU
		{39BE36FA-C175-CE3C-23F8-91BA75CB1460}.Debug|Any CPU.Build.0 = Debug|Any CPU
		{39BE36FA-C175-CE3C-23F8-91BA75CB1460}.Release|Any CPU.ActiveCfg = Release|Any CPU
		{39BE36FA-C175-CE3C-23F8-91BA75CB1460}.Release|Any CPU.Build.0 = Release|Any CPU
		{C72EF6DA-E1A7-3453-D2CE-04481B0EB3F5}.Debug|Any CPU.ActiveCfg = Debug|Any CPU
		{C72EF6DA-E1A7-3453-D2CE-04481B0EB3F5}.Debug|Any CPU.Build.0 = Debug|Any CPU
		{C72EF6DA-E1A7-3453-D2CE-04481B0EB3F5}.Release|Any CPU.ActiveCfg = Release|Any CPU
		{C72EF6DA-E1A7-3453-D2CE-04481B0EB3F5}.Release|Any CPU.Build.0 = Release|Any CPU
		{3770377C-2FFA-E816-F8D9-0E427C93BE09}.Debug|Any CPU.ActiveCfg = Debug|Any CPU
		{3770377C-2FFA-E816-F8D9-0E427C93BE09}.Debug|Any CPU.Build.0 = Debug|Any CPU
		{3770377C-2FFA-E816-F8D9-0E427C93BE09}.Release|Any CPU.ActiveCfg = Release|Any CPU
		{3770377C-2FFA-E816-F8D9-0E427C93BE09}.Release|Any CPU.Build.0 = Release|Any CPU
		{FB8609E9-638C-D5C8-031F-61612464ADE0}.Debug|Any CPU.ActiveCfg = Debug|Any CPU
		{FB8609E9-638C-D5C8-031F-61612464ADE0}.Debug|Any CPU.Build.0 = Debug|Any CPU
		{FB8609E9-638C-D5C8-031F-61612464ADE0}.Release|Any CPU.ActiveCfg = Release|Any CPU
		{FB8609E9-638C-D5C8-031F-61612464ADE0}.Release|Any CPU.Build.0 = Release|Any CPU
		{93EF6BA2-D8FB-B5A3-393D-F9CE9D9DB47A}.Debug|Any CPU.ActiveCfg = Debug|Any CPU
		{93EF6BA2-D8FB-B5A3-393D-F9CE9D9DB47A}.Debug|Any CPU.Build.0 = Debug|Any CPU
		{93EF6BA2-D8FB-B5A3-393D-F9CE9D9DB47A}.Release|Any CPU.ActiveCfg = Release|Any CPU
		{93EF6BA2-D8FB-B5A3-393D-F9CE9D9DB47A}.Release|Any CPU.Build.0 = Release|Any CPU
		{6D9681BA-813F-C2E4-8683-A29557572010}.Debug|Any CPU.ActiveCfg = Debug|Any CPU
		{6D9681BA-813F-C2E4-8683-A29557572010}.Debug|Any CPU.Build.0 = Debug|Any CPU
		{6D9681BA-813F-C2E4-8683-A29557572010}.Release|Any CPU.ActiveCfg = Release|Any CPU
		{6D9681BA-813F-C2E4-8683-A29557572010}.Release|Any CPU.Build.0 = Release|Any CPU
		{6CD7B5B4-AECD-DD25-FCFB-361A523946EC}.Debug|Any CPU.ActiveCfg = Debug|Any CPU
		{6CD7B5B4-AECD-DD25-FCFB-361A523946EC}.Debug|Any CPU.Build.0 = Debug|Any CPU
		{6CD7B5B4-AECD-DD25-FCFB-361A523946EC}.Release|Any CPU.ActiveCfg = Release|Any CPU
		{6CD7B5B4-AECD-DD25-FCFB-361A523946EC}.Release|Any CPU.Build.0 = Release|Any CPU
		{823F4A3A-148D-2708-6F68-E9100198E1DE}.Debug|Any CPU.ActiveCfg = Debug|Any CPU
		{823F4A3A-148D-2708-6F68-E9100198E1DE}.Debug|Any CPU.Build.0 = Debug|Any CPU
		{823F4A3A-148D-2708-6F68-E9100198E1DE}.Release|Any CPU.ActiveCfg = Release|Any CPU
		{823F4A3A-148D-2708-6F68-E9100198E1DE}.Release|Any CPU.Build.0 = Release|Any CPU
		{31D1123F-2669-13E7-1B03-84AE3EAA754A}.Debug|Any CPU.ActiveCfg = Debug|Any CPU
		{31D1123F-2669-13E7-1B03-84AE3EAA754A}.Debug|Any CPU.Build.0 = Debug|Any CPU
		{31D1123F-2669-13E7-1B03-84AE3EAA754A}.Release|Any CPU.ActiveCfg = Release|Any CPU
		{31D1123F-2669-13E7-1B03-84AE3EAA754A}.Release|Any CPU.Build.0 = Release|Any CPU
		{CA24E2F6-574F-801F-54A3-C1683A42A78D}.Debug|Any CPU.ActiveCfg = Debug|Any CPU
		{CA24E2F6-574F-801F-54A3-C1683A42A78D}.Debug|Any CPU.Build.0 = Debug|Any CPU
		{CA24E2F6-574F-801F-54A3-C1683A42A78D}.Release|Any CPU.ActiveCfg = Release|Any CPU
		{CA24E2F6-574F-801F-54A3-C1683A42A78D}.Release|Any CPU.Build.0 = Release|Any CPU
		{82D99F92-4ACC-9A94-486D-BD9B051D4228}.Debug|Any CPU.ActiveCfg = Debug|Any CPU
		{82D99F92-4ACC-9A94-486D-BD9B051D4228}.Debug|Any CPU.Build.0 = Debug|Any CPU
		{82D99F92-4ACC-9A94-486D-BD9B051D4228}.Release|Any CPU.ActiveCfg = Release|Any CPU
		{82D99F92-4ACC-9A94-486D-BD9B051D4228}.Release|Any CPU.Build.0 = Release|Any CPU
		{209CA026-9303-BB3D-5CB1-27A57ABCD54D}.Debug|Any CPU.ActiveCfg = Debug|Any CPU
		{209CA026-9303-BB3D-5CB1-27A57ABCD54D}.Debug|Any CPU.Build.0 = Debug|Any CPU
		{209CA026-9303-BB3D-5CB1-27A57ABCD54D}.Release|Any CPU.ActiveCfg = Release|Any CPU
		{209CA026-9303-BB3D-5CB1-27A57ABCD54D}.Release|Any CPU.Build.0 = Release|Any CPU
		{BAC56BF2-E395-7A1B-4C8D-A8C8AEF2A0D5}.Debug|Any CPU.ActiveCfg = Debug|Any CPU
		{BAC56BF2-E395-7A1B-4C8D-A8C8AEF2A0D5}.Debug|Any CPU.Build.0 = Debug|Any CPU
		{BAC56BF2-E395-7A1B-4C8D-A8C8AEF2A0D5}.Release|Any CPU.ActiveCfg = Release|Any CPU
		{BAC56BF2-E395-7A1B-4C8D-A8C8AEF2A0D5}.Release|Any CPU.Build.0 = Release|Any CPU
		{6D943EA2-1DD0-EB4A-704F-D56A03D20882}.Debug|Any CPU.ActiveCfg = Debug|Any CPU
		{6D943EA2-1DD0-EB4A-704F-D56A03D20882}.Debug|Any CPU.Build.0 = Debug|Any CPU
		{6D943EA2-1DD0-EB4A-704F-D56A03D20882}.Release|Any CPU.ActiveCfg = Release|Any CPU
		{6D943EA2-1DD0-EB4A-704F-D56A03D20882}.Release|Any CPU.Build.0 = Release|Any CPU
		{ED3655A3-0924-DF20-843E-75560C8887F7}.Debug|Any CPU.ActiveCfg = Debug|Any CPU
		{ED3655A3-0924-DF20-843E-75560C8887F7}.Debug|Any CPU.Build.0 = Debug|Any CPU
		{ED3655A3-0924-DF20-843E-75560C8887F7}.Release|Any CPU.ActiveCfg = Release|Any CPU
		{ED3655A3-0924-DF20-843E-75560C8887F7}.Release|Any CPU.Build.0 = Release|Any CPU
		{8DE4538B-F8FA-3B61-EA4E-DEBC02EEEA9A}.Debug|Any CPU.ActiveCfg = Debug|Any CPU
		{8DE4538B-F8FA-3B61-EA4E-DEBC02EEEA9A}.Debug|Any CPU.Build.0 = Debug|Any CPU
		{8DE4538B-F8FA-3B61-EA4E-DEBC02EEEA9A}.Release|Any CPU.ActiveCfg = Release|Any CPU
		{8DE4538B-F8FA-3B61-EA4E-DEBC02EEEA9A}.Release|Any CPU.Build.0 = Release|Any CPU
	EndGlobalSection
	GlobalSection(SolutionProperties) = preSolution
		HideSolutionNode = FALSE
	EndGlobalSection
EndGlobal
